
Microsoft Visual Studio Solution File, Format Version 12.00
# Visual Studio 15
VisualStudioVersion = 15.0.26124.0
MinimumVisualStudioVersion = 15.0.26124.0
Project("{FAE04EC0-301F-11D3-BF4B-00C04F79EFBC}") = "Common", "Common\Common.csproj", "{4AE938E3-EAED-4E23-92AC-24E48890859D}"
EndProject
Project("{FAE04EC0-301F-11D3-BF4B-00C04F79EFBC}") = "Orders", "Orders\Orders.csproj", "{5F537351-0435-43C0-9D03-E8B0444D9CF5}"
EndProject
Project("{FAE04EC0-301F-11D3-BF4B-00C04F79EFBC}") = "Payments", "Payments\Payments.csproj", "{CD1B07FF-4E22-4D12-9B31-E0D42F9D8144}"
EndProject
Project("{FAE04EC0-301F-11D3-BF4B-00C04F79EFBC}") = "Shipments", "Shipments\Shipments.csproj", "{2A380CD4-695F-498A-ABBB-3C4464B09DB0}"
EndProject
Global
	GlobalSection(SolutionConfigurationPlatforms) = preSolution
		Debug|Any CPU = Debug|Any CPU
		Debug|x64 = Debug|x64
		Debug|x86 = Debug|x86
		Release|Any CPU = Release|Any CPU
		Release|x64 = Release|x64
		Release|x86 = Release|x86
	EndGlobalSection
	GlobalSection(SolutionProperties) = preSolution
		HideSolutionNode = FALSE
	EndGlobalSection
	GlobalSection(ProjectConfigurationPlatforms) = postSolution
		{4AE938E3-EAED-4E23-92AC-24E48890859D}.Debug|Any CPU.ActiveCfg = Debug|Any CPU
		{4AE938E3-EAED-4E23-92AC-24E48890859D}.Debug|Any CPU.Build.0 = Debug|Any CPU
		{4AE938E3-EAED-4E23-92AC-24E48890859D}.Debug|x64.ActiveCfg = Debug|Any CPU
		{4AE938E3-EAED-4E23-92AC-24E48890859D}.Debug|x64.Build.0 = Debug|Any CPU
		{4AE938E3-EAED-4E23-92AC-24E48890859D}.Debug|x86.ActiveCfg = Debug|Any CPU
		{4AE938E3-EAED-4E23-92AC-24E48890859D}.Debug|x86.Build.0 = Debug|Any CPU
		{4AE938E3-EAED-4E23-92AC-24E48890859D}.Release|Any CPU.ActiveCfg = Release|Any CPU
		{4AE938E3-EAED-4E23-92AC-24E48890859D}.Release|Any CPU.Build.0 = Release|Any CPU
		{4AE938E3-EAED-4E23-92AC-24E48890859D}.Release|x64.ActiveCfg = Release|Any CPU
		{4AE938E3-EAED-4E23-92AC-24E48890859D}.Release|x64.Build.0 = Release|Any CPU
		{4AE938E3-EAED-4E23-92AC-24E48890859D}.Release|x86.ActiveCfg = Release|Any CPU
		{4AE938E3-EAED-4E23-92AC-24E48890859D}.Release|x86.Build.0 = Release|Any CPU
		{5F537351-0435-43C0-9D03-E8B0444D9CF5}.Debug|Any CPU.ActiveCfg = Debug|Any CPU
		{5F537351-0435-43C0-9D03-E8B0444D9CF5}.Debug|Any CPU.Build.0 = Debug|Any CPU
		{5F537351-0435-43C0-9D03-E8B0444D9CF5}.Debug|x64.ActiveCfg = Debug|Any CPU
		{5F537351-0435-43C0-9D03-E8B0444D9CF5}.Debug|x64.Build.0 = Debug|Any CPU
		{5F537351-0435-43C0-9D03-E8B0444D9CF5}.Debug|x86.ActiveCfg = Debug|Any CPU
		{5F537351-0435-43C0-9D03-E8B0444D9CF5}.Debug|x86.Build.0 = Debug|Any CPU
		{5F537351-0435-43C0-9D03-E8B0444D9CF5}.Release|Any CPU.ActiveCfg = Release|Any CPU
		{5F537351-0435-43C0-9D03-E8B0444D9CF5}.Release|Any CPU.Build.0 = Release|Any CPU
		{5F537351-0435-43C0-9D03-E8B0444D9CF5}.Release|x64.ActiveCfg = Release|Any CPU
		{5F537351-0435-43C0-9D03-E8B0444D9CF5}.Release|x64.Build.0 = Release|Any CPU
		{5F537351-0435-43C0-9D03-E8B0444D9CF5}.Release|x86.ActiveCfg = Release|Any CPU
		{5F537351-0435-43C0-9D03-E8B0444D9CF5}.Release|x86.Build.0 = Release|Any CPU
		{CD1B07FF-4E22-4D12-9B31-E0D42F9D8144}.Debug|Any CPU.ActiveCfg = Debug|Any CPU
		{CD1B07FF-4E22-4D12-9B31-E0D42F9D8144}.Debug|Any CPU.Build.0 = Debug|Any CPU
		{CD1B07FF-4E22-4D12-9B31-E0D42F9D8144}.Debug|x64.ActiveCfg = Debug|Any CPU
		{CD1B07FF-4E22-4D12-9B31-E0D42F9D8144}.Debug|x64.Build.0 = Debug|Any CPU
		{CD1B07FF-4E22-4D12-9B31-E0D42F9D8144}.Debug|x86.ActiveCfg = Debug|Any CPU
		{CD1B07FF-4E22-4D12-9B31-E0D42F9D8144}.Debug|x86.Build.0 = Debug|Any CPU
		{CD1B07FF-4E22-4D12-9B31-E0D42F9D8144}.Release|Any CPU.ActiveCfg = Release|Any CPU
		{CD1B07FF-4E22-4D12-9B31-E0D42F9D8144}.Release|Any CPU.Build.0 = Release|Any CPU
		{CD1B07FF-4E22-4D12-9B31-E0D42F9D8144}.Release|x64.ActiveCfg = Release|Any CPU
		{CD1B07FF-4E22-4D12-9B31-E0D42F9D8144}.Release|x64.Build.0 = Release|Any CPU
		{CD1B07FF-4E22-4D12-9B31-E0D42F9D8144}.Release|x86.ActiveCfg = Release|Any CPU
		{CD1B07FF-4E22-4D12-9B31-E0D42F9D8144}.Release|x86.Build.0 = Release|Any CPU
		{2A380CD4-695F-498A-ABBB-3C4464B09DB0}.Debug|Any CPU.ActiveCfg = Debug|Any CPU
		{2A380CD4-695F-498A-ABBB-3C4464B09DB0}.Debug|Any CPU.Build.0 = Debug|Any CPU
		{2A380CD4-695F-498A-ABBB-3C4464B09DB0}.Debug|x64.ActiveCfg = Debug|Any CPU
		{2A380CD4-695F-498A-ABBB-3C4464B09DB0}.Debug|x64.Build.0 = Debug|Any CPU
		{2A380CD4-695F-498A-ABBB-3C4464B09DB0}.Debug|x86.ActiveCfg = Debug|Any CPU
		{2A380CD4-695F-498A-ABBB-3C4464B09DB0}.Debug|x86.Build.0 = Debug|Any CPU
		{2A380CD4-695F-498A-ABBB-3C4464B09DB0}.Release|Any CPU.ActiveCfg = Release|Any CPU
		{2A380CD4-695F-498A-ABBB-3C4464B09DB0}.Release|Any CPU.Build.0 = Release|Any CPU
		{2A380CD4-695F-498A-ABBB-3C4464B09DB0}.Release|x64.ActiveCfg = Release|Any CPU
		{2A380CD4-695F-498A-ABBB-3C4464B09DB0}.Release|x64.Build.0 = Release|Any CPU
		{2A380CD4-695F-498A-ABBB-3C4464B09DB0}.Release|x86.ActiveCfg = Release|Any CPU
		{2A380CD4-695F-498A-ABBB-3C4464B09DB0}.Release|x86.Build.0 = Release|Any CPU
	EndGlobalSection
EndGlobal
